# This file is automatically @generated by Poetry 2.0.1 and should not be changed by hand.

[[package]]
name = "astroid"
version = "3.3.8"
description = "An abstract syntax tree for Python with inference support."
optional = false
python-versions = ">=3.9.0"
groups = ["dev"]
files = [
    {file = "astroid-3.3.8-py3-none-any.whl", hash = "sha256:187ccc0c248bfbba564826c26f070494f7bc964fd286b6d9fff4420e55de828c"},
    {file = "astroid-3.3.8.tar.gz", hash = "sha256:a88c7994f914a4ea8572fac479459f4955eeccc877be3f2d959a33273b0cf40b"},
]

[[package]]
name = "bitarray"
version = "3.0.0"
description = "efficient arrays of booleans -- C extension"
optional = false
python-versions = "*"
groups = ["main"]
files = [
    {file = "bitarray-3.0.0-cp310-cp310-macosx_10_9_universal2.whl", hash = "sha256:5ddbf71a97ad1d6252e6e93d2d703b624d0a5b77c153b12f9ea87d83e1250e0c"},
    {file = "bitarray-3.0.0-cp310-cp310-macosx_10_9_x86_64.whl", hash = "sha256:e0e7f24a0b01e6e6a0191c50b06ca8edfdec1988d9d2b264d669d2487f4f4680"},
    {file = "bitarray-3.0.0-cp310-cp310-macosx_11_0_arm64.whl", hash = "sha256:150b7b29c36d9f1a24779aea723fdfc73d1c1c161dc0ea14990da27d4e947092"},
    {file = "bitarray-3.0.0-cp310-cp310-manylinux_2_17_aarch64.manylinux2014_aarch64.whl", hash = "sha256:8330912be6cb8e2fbfe8eb69f82dee139d605730cadf8d50882103af9ac83bb4"},
    {file = "bitarray-3.0.0-cp310-cp310-manylinux_2_17_ppc64le.manylinux2014_ppc64le.whl", hash = "sha256:e56ba8be5f17dee0ffa6d6ce85251e062ded2faa3cbd2558659c671e6c3bf96d"},
    {file = "bitarray-3.0.0-cp310-cp310-manylinux_2_17_s390x.manylinux2014_s390x.whl", hash = "sha256:ffd94b4803811c738e504a4b499fb2f848b2f7412d71e6b517508217c1d7929d"},
    {file = "bitarray-3.0.0-cp310-cp310-manylinux_2_17_x86_64.manylinux2014_x86_64.whl", hash = "sha256:a0255bd05ec7165e512c115423a5255a3f301417973d20a80fc5bfc3f3640bcb"},
    {file = "bitarray-3.0.0-cp310-cp310-manylinux_2_5_i686.manylinux1_i686.manylinux_2_17_i686.manylinux2014_i686.whl", hash = "sha256:fe606e728842389943a939258809dc5db2de831b1d2e0118515059e87f7bbc1a"},
    {file = "bitarray-3.0.0-cp310-cp310-musllinux_1_2_aarch64.whl", hash = "sha256:e89ea59a3ed86a6eb150d016ed28b1bedf892802d0ed32b5659d3199440f3ced"},
    {file = "bitarray-3.0.0-cp310-cp310-musllinux_1_2_i686.whl", hash = "sha256:cf0cc2e91dd38122dec2e6541efa99aafb0a62e118179218181eff720b4b8153"},
    {file = "bitarray-3.0.0-cp310-cp310-musllinux_1_2_ppc64le.whl", hash = "sha256:2d9fe3ee51afeb909b68f97e14c6539ace3f4faa99b21012e610bbe7315c388d"},
    {file = "bitarray-3.0.0-cp310-cp310-musllinux_1_2_s390x.whl", hash = "sha256:37be5482b9df3105bad00fdf7dc65244e449b130867c3879c9db1db7d72e508b"},
    {file = "bitarray-3.0.0-cp310-cp310-musllinux_1_2_x86_64.whl", hash = "sha256:0027b8f3bb2bba914c79115e96a59b9924aafa1a578223a7c4f0a7242d349842"},
    {file = "bitarray-3.0.0-cp310-cp310-win32.whl", hash = "sha256:628f93e9c2c23930bd1cfe21c634d6c84ec30f45f23e69aefe1fcd262186d7bb"},
    {file = "bitarray-3.0.0-cp310-cp310-win_amd64.whl", hash = "sha256:0b655c3110e315219e266b2732609fddb0857bc69593de29f3c2ba74b7d3f51a"},
    {file = "bitarray-3.0.0-cp311-cp311-macosx_10_9_universal2.whl", hash = "sha256:44c3e78b60070389b824d5a654afa1c893df723153c81904088d4922c3cfb6ac"},
    {file = "bitarray-3.0.0-cp311-cp311-macosx_10_9_x86_64.whl", hash = "sha256:545d36332de81e4742a845a80df89530ff193213a50b4cbef937ed5a44c0e5e5"},
    {file = "bitarray-3.0.0-cp311-cp311-macosx_11_0_arm64.whl", hash = "sha256:8a9eb510cde3fa78c2e302bece510bf5ed494ec40e6b082dec753d6e22d5d1b1"},
    {file = "bitarray-3.0.0-cp311-cp311-manylinux_2_17_aarch64.manylinux2014_aarch64.whl", hash = "sha256:9e3727ab63dfb6bde00b281934e2212bb7529ea3006c0031a556a84d2268bea5"},
    {file = "bitarray-3.0.0-cp311-cp311-manylinux_2_17_ppc64le.manylinux2014_ppc64le.whl", hash = "sha256:2055206ed653bee0b56628f6a4d248d53e5660228d355bbec0014bdfa27050ae"},
    {file = "bitarray-3.0.0-cp311-cp311-manylinux_2_17_s390x.manylinux2014_s390x.whl", hash = "sha256:147542299f458bdb177f798726e5f7d39ab8491de4182c3c6d9885ed275a3c2b"},
    {file = "bitarray-3.0.0-cp311-cp311-manylinux_2_17_x86_64.manylinux2014_x86_64.whl", hash = "sha256:d3f761184b93092077c7f6b7dad7bd4e671c1620404a76620da7872ceb576a94"},
    {file = "bitarray-3.0.0-cp311-cp311-manylinux_2_5_i686.manylinux1_i686.manylinux_2_17_i686.manylinux2014_i686.whl", hash = "sha256:e008b7b4ce6c7f7a54b250c45c28d4243cc2a3bbfd5298fa7dac92afda229842"},
    {file = "bitarray-3.0.0-cp311-cp311-musllinux_1_2_aarch64.whl", hash = "sha256:dfea514e665af278b2e1d4deb542de1cd4f77413bee83dd15ae16175976ea8d5"},
    {file = "bitarray-3.0.0-cp311-cp311-musllinux_1_2_i686.whl", hash = "sha256:66d6134b7bb737b88f1d16478ad0927c571387f6054f4afa5557825a4c1b78e2"},
    {file = "bitarray-3.0.0-cp311-cp311-musllinux_1_2_ppc64le.whl", hash = "sha256:3cd565253889940b4ec4768d24f101d9fe111cad4606fdb203ea16f9797cf9ed"},
    {file = "bitarray-3.0.0-cp311-cp311-musllinux_1_2_s390x.whl", hash = "sha256:4800c91a14656789d2e67d9513359e23e8a534c8ee1482bb9b517a4cfc845200"},
    {file = "bitarray-3.0.0-cp311-cp311-musllinux_1_2_x86_64.whl", hash = "sha256:c2945e0390d1329c585c584c6b6d78be017d9c6a1288f9c92006fe907f69cc28"},
    {file = "bitarray-3.0.0-cp311-cp311-win32.whl", hash = "sha256:c23286abba0cb509733c6ce8f4013cd951672c332b2e184dbefbd7331cd234c8"},
    {file = "bitarray-3.0.0-cp311-cp311-win_amd64.whl", hash = "sha256:ca79f02a98cbda1472449d440592a2fe2ad96fe55515a0447fa8864a38017cf8"},
    {file = "bitarray-3.0.0-cp312-cp312-macosx_10_13_universal2.whl", hash = "sha256:184972c96e1c7e691be60c3792ca1a51dd22b7f25d96ebea502fe3c9b554f25d"},
    {file = "bitarray-3.0.0-cp312-cp312-macosx_10_13_x86_64.whl", hash = "sha256:787db8da5e9e29be712f7a6bce153c7bc8697ccc2c38633e347bb9c82475d5c9"},
    {file = "bitarray-3.0.0-cp312-cp312-macosx_11_0_arm64.whl", hash = "sha256:2da91ab3633c66999c2a352f0ca9ae064f553e5fc0eca231d28e7e305b83e942"},
    {file = "bitarray-3.0.0-cp312-cp312-manylinux_2_17_aarch64.manylinux2014_aarch64.whl", hash = "sha256:7edb83089acbf2c86c8002b96599071931dc4ea5e1513e08306f6f7df879a48b"},
    {file = "bitarray-3.0.0-cp312-cp312-manylinux_2_17_ppc64le.manylinux2014_ppc64le.whl", hash = "sha256:996d1b83eb904589f40974538223eaed1ab0f62be8a5105c280b9bd849e685c4"},
    {file = "bitarray-3.0.0-cp312-cp312-manylinux_2_17_s390x.manylinux2014_s390x.whl", hash = "sha256:4817d73d995bd2b977d9cde6050be8d407791cf1f84c8047fa0bea88c1b815bc"},
    {file = "bitarray-3.0.0-cp312-cp312-manylinux_2_17_x86_64.manylinux2014_x86_64.whl", hash = "sha256:3d47bc4ff9b0e1624d613563c6fa7b80aebe7863c56c3df5ab238bb7134e8755"},
    {file = "bitarray-3.0.0-cp312-cp312-manylinux_2_5_i686.manylinux1_i686.manylinux_2_17_i686.manylinux2014_i686.whl", hash = "sha256:aca0a9cd376beaccd9f504961de83e776dd209c2de5a4c78dc87a78edf61839b"},
    {file = "bitarray-3.0.0-cp312-cp312-musllinux_1_2_aarch64.whl", hash = "sha256:572a61fba7e3a710a8324771322fba8488d134034d349dcd036a7aef74723a80"},
    {file = "bitarray-3.0.0-cp312-cp312-musllinux_1_2_i686.whl", hash = "sha256:a817ad70c1aff217530576b4f037dd9b539eb2926603354fcac605d824082ad1"},
    {file = "bitarray-3.0.0-cp312-cp312-musllinux_1_2_ppc64le.whl", hash = "sha256:2ac67b658fa5426503e9581a3fb44a26a3b346c1abd17105735f07db572195b3"},
    {file = "bitarray-3.0.0-cp312-cp312-musllinux_1_2_s390x.whl", hash = "sha256:12f19ede03e685c5c588ab5ed63167999295ffab5e1126c5fe97d12c0718c18f"},
    {file = "bitarray-3.0.0-cp312-cp312-musllinux_1_2_x86_64.whl", hash = "sha256:fcef31b062f756ba7eebcd7890c5d5de84b9d64ee877325257bcc9782288564a"},
    {file = "bitarray-3.0.0-cp312-cp312-win32.whl", hash = "sha256:656db7bdf1d81ec3b57b3cad7ec7276765964bcfd0eb81c5d1331f385298169c"},
    {file = "bitarray-3.0.0-cp312-cp312-win_amd64.whl", hash = "sha256:f785af6b7cb07a9b1e5db0dea9ef9e3e8bb3d74874a0a61303eab9c16acc1999"},
    {file = "bitarray-3.0.0-cp313-cp313-macosx_10_13_universal2.whl", hash = "sha256:7cb885c043000924554fe2124d13084c8fdae03aec52c4086915cd4cb87fe8be"},
    {file = "bitarray-3.0.0-cp313-cp313-macosx_10_13_x86_64.whl", hash = "sha256:7814c9924a0b30ecd401f02f082d8697fc5a5be3f8d407efa6e34531ff3c306a"},
    {file = "bitarray-3.0.0-cp313-cp313-macosx_11_0_arm64.whl", hash = "sha256:bcf524a087b143ba736aebbb054bb399d49e77cf7c04ed24c728e411adc82bfa"},
    {file = "bitarray-3.0.0-cp313-cp313-manylinux_2_17_aarch64.manylinux2014_aarch64.whl", hash = "sha256:d1d5abf1d6d910599ac16afdd9a0ed3e24f3b46af57f3070cf2792f236f36e0b"},
    {file = "bitarray-3.0.0-cp313-cp313-manylinux_2_17_ppc64le.manylinux2014_ppc64le.whl", hash = "sha256:9929051feeaf8d948cc0b1c9ce57748079a941a1a15c89f6014edf18adaade84"},
    {file = "bitarray-3.0.0-cp313-cp313-manylinux_2_17_s390x.manylinux2014_s390x.whl", hash = "sha256:96cf0898f8060b2d3ae491762ae871b071212ded97ff9e1e3a5229e9fefe544c"},
    {file = "bitarray-3.0.0-cp313-cp313-manylinux_2_17_x86_64.manylinux2014_x86_64.whl", hash = "sha256:ab37da66a8736ad5a75a58034180e92c41e864da0152b84e71fcc253a2f69cd4"},
    {file = "bitarray-3.0.0-cp313-cp313-manylinux_2_5_i686.manylinux1_i686.manylinux_2_17_i686.manylinux2014_i686.whl", hash = "sha256:beeb79e476d19b91fd6a3439853e4e5ba1b3b475920fa40d62bde719c8af786f"},
    {file = "bitarray-3.0.0-cp313-cp313-musllinux_1_2_aarch64.whl", hash = "sha256:f75fc0198c955d840b836059bd43e0993edbf119923029ca60c4fc017cefa54a"},
    {file = "bitarray-3.0.0-cp313-cp313-musllinux_1_2_i686.whl", hash = "sha256:f12cc7c7638074918cdcc7491aff897df921b092ffd877227892d2686e98f876"},
    {file = "bitarray-3.0.0-cp313-cp313-musllinux_1_2_ppc64le.whl", hash = "sha256:dbe1084935b942fab206e609fa1ed3f46ad1f2612fb4833e177e9b2a5e006c96"},
    {file = "bitarray-3.0.0-cp313-cp313-musllinux_1_2_s390x.whl", hash = "sha256:ac06dd72ee1e1b6e312504d06f75220b5894af1fb58f0c20643698f5122aea76"},
    {file = "bitarray-3.0.0-cp313-cp313-musllinux_1_2_x86_64.whl", hash = "sha256:00f9a88c56e373009ac3c73c55205cfbd9683fbd247e2f9a64bae3da78795252"},
    {file = "bitarray-3.0.0-cp313-cp313-win32.whl", hash = "sha256:9c6e52005e91803eb4e08c0a08a481fb55ddce97f926bae1f6fa61b3396b5b61"},
    {file = "bitarray-3.0.0-cp313-cp313-win_amd64.whl", hash = "sha256:cb98d5b6eac4b2cf2a5a69f60a9c499844b8bea207059e9fc45c752436e6bb49"},
    {file = "bitarray-3.0.0-cp36-cp36m-macosx_10_9_x86_64.whl", hash = "sha256:eb27c01b747649afd7e1c342961680893df6d8d81f832a6f04d8c8e03a8a54cc"},
    {file = "bitarray-3.0.0-cp36-cp36m-manylinux_2_17_aarch64.manylinux2014_aarch64.whl", hash = "sha256:4683bff52f5a0fd523fb5d3138161ef87611e63968e1fcb6cf4b0c6a86970fe0"},
    {file = "bitarray-3.0.0-cp36-cp36m-manylinux_2_17_ppc64le.manylinux2014_ppc64le.whl", hash = "sha256:cb7302dbcfcb676f0b66f15891f091d0233c4fc23e1d4b9dc9b9e958156e347f"},
    {file = "bitarray-3.0.0-cp36-cp36m-manylinux_2_17_s390x.manylinux2014_s390x.whl", hash = "sha256:153d7c416a70951dcfa73487af05d2f49c632e95602f1620cd9a651fa2033695"},
    {file = "bitarray-3.0.0-cp36-cp36m-manylinux_2_17_x86_64.manylinux2014_x86_64.whl", hash = "sha256:251cd5bd47f542893b2b61860eded54f34920ea47fd5bff038d85e7a2f7ae99b"},
    {file = "bitarray-3.0.0-cp36-cp36m-manylinux_2_5_i686.manylinux1_i686.manylinux_2_17_i686.manylinux2014_i686.whl", hash = "sha256:5fa4b4d9fa90124b33b251ef74e44e737021f253dc7a9174e1b39f097451f7ca"},
    {file = "bitarray-3.0.0-cp36-cp36m-musllinux_1_2_aarch64.whl", hash = "sha256:18abdce7ab5d2104437c39670821cba0b32fdb9b2da9e6d17a4ff295362bd9dc"},
    {file = "bitarray-3.0.0-cp36-cp36m-musllinux_1_2_i686.whl", hash = "sha256:2855cc01ee370f7e6e3ec97eebe44b1453c83fb35080313145e2c8c3c5243afb"},
    {file = "bitarray-3.0.0-cp36-cp36m-musllinux_1_2_ppc64le.whl", hash = "sha256:0cecaf2981c9cd2054547f651537b4f4939f9fe225d3fc2b77324b597c124e40"},
    {file = "bitarray-3.0.0-cp36-cp36m-musllinux_1_2_s390x.whl", hash = "sha256:22b00f65193fafb13aa644e16012c8b49e7d5cbb6bb72825105ff89aadaa01e3"},
    {file = "bitarray-3.0.0-cp36-cp36m-musllinux_1_2_x86_64.whl", hash = "sha256:20f30373f0af9cb583e4122348cefde93c82865dbcbccc4997108b3d575ece84"},
    {file = "bitarray-3.0.0-cp36-cp36m-win32.whl", hash = "sha256:aef404d5400d95c6ec86664df9924bde667c8865f8e33c9b7bd79823d53b3e5d"},
    {file = "bitarray-3.0.0-cp36-cp36m-win_amd64.whl", hash = "sha256:ec5b0f2d13da53e0975ac15ecbe8badb463bdb0bebaa09457f4df3320421915c"},
    {file = "bitarray-3.0.0-cp37-cp37m-macosx_10_9_x86_64.whl", hash = "sha256:041c889e69c847b8a96346650e50f728b747ae176889199c49a3f31ae1de0e23"},
    {file = "bitarray-3.0.0-cp37-cp37m-manylinux_2_17_aarch64.manylinux2014_aarch64.whl", hash = "sha256:cc83ea003dd75e9ade3291ef0585577dd5524aec0c8c99305c0aaa2a7570d6db"},
    {file = "bitarray-3.0.0-cp37-cp37m-manylinux_2_17_ppc64le.manylinux2014_ppc64le.whl", hash = "sha256:6c33129b49196aa7965ac0f16fcde7b6ad8614b606caf01669a0277cef1afe1d"},
    {file = "bitarray-3.0.0-cp37-cp37m-manylinux_2_17_s390x.manylinux2014_s390x.whl", hash = "sha256:0ef5c787c8263c082a73219a69eb60a500e157a4ac69d1b8515ad836b0e71fb4"},
    {file = "bitarray-3.0.0-cp37-cp37m-manylinux_2_17_x86_64.manylinux2014_x86_64.whl", hash = "sha256:e15c94d79810c5ab90ddf4d943f71f14332890417be896ca253f21fa3d78d2b1"},
    {file = "bitarray-3.0.0-cp37-cp37m-manylinux_2_5_i686.manylinux1_i686.manylinux_2_17_i686.manylinux2014_i686.whl", hash = "sha256:7cd021ada988e73d649289cee00428b75564c46d55fbdcb0e3402e504b0ae5ea"},
    {file = "bitarray-3.0.0-cp37-cp37m-musllinux_1_2_aarch64.whl", hash = "sha256:7f1c24be7519f16a47b7e2ad1a1ef73023d34d8cbe1a3a59b185fc14baabb132"},
    {file = "bitarray-3.0.0-cp37-cp37m-musllinux_1_2_i686.whl", hash = "sha256:000df24c183011b5d27c23d79970f49b6762e5bb5aacd25da9c3e9695c693222"},
    {file = "bitarray-3.0.0-cp37-cp37m-musllinux_1_2_ppc64le.whl", hash = "sha256:42bf1b222c698b467097f58b9f59dc850dfa694dde4e08237407a6a103757aa3"},
    {file = "bitarray-3.0.0-cp37-cp37m-musllinux_1_2_s390x.whl", hash = "sha256:648e7ce794928e8d11343b5da8ecc5b910af75a82ea1a4264d5d0a55c3785faa"},
    {file = "bitarray-3.0.0-cp37-cp37m-musllinux_1_2_x86_64.whl", hash = "sha256:f536fc4d1a683025f9caef0bebeafd60384054579ffe0825bb9bd8c59f8c55b8"},
    {file = "bitarray-3.0.0-cp37-cp37m-win32.whl", hash = "sha256:a754c1464e7b946b1cac7300c582c6fba7d66e535cd1dab76d998ad285ac5a37"},
    {file = "bitarray-3.0.0-cp37-cp37m-win_amd64.whl", hash = "sha256:e91d46d12781a14ccb8b284566b14933de4e3b29f8bc5e1c17de7a2001ad3b5b"},
    {file = "bitarray-3.0.0-cp38-cp38-macosx_10_9_universal2.whl", hash = "sha256:904c1d5e3bd24f0c0d37a582d2461312033c91436a6a4f3bdeeceb4bea4a899d"},
    {file = "bitarray-3.0.0-cp38-cp38-macosx_10_9_x86_64.whl", hash = "sha256:47ccf9887bd595d4a0536f2310f0dcf89e17ab83b8befa7dc8727b8017120fda"},
    {file = "bitarray-3.0.0-cp38-cp38-macosx_11_0_arm64.whl", hash = "sha256:71ad0139c95c9acf4fb62e203b428f9906157b15eecf3f30dc10b55919225896"},
    {file = "bitarray-3.0.0-cp38-cp38-manylinux_2_17_aarch64.manylinux2014_aarch64.whl", hash = "sha256:53e002ac1073ac70e323a7a4bfa9ab95e7e1a85c79160799e265563f342b1557"},
    {file = "bitarray-3.0.0-cp38-cp38-manylinux_2_17_ppc64le.manylinux2014_ppc64le.whl", hash = "sha256:acc07211a59e2f245e9a06f28fa374d094fb0e71cf5366eef52abbb826ddc81e"},
    {file = "bitarray-3.0.0-cp38-cp38-manylinux_2_17_s390x.manylinux2014_s390x.whl", hash = "sha256:98a4070ddafabddaee70b2aa7cc6286cf73c37984169ab03af1782da2351059a"},
    {file = "bitarray-3.0.0-cp38-cp38-manylinux_2_17_x86_64.manylinux2014_x86_64.whl", hash = "sha256:b7d09ef06ba57bea646144c29764bf6b870fb3c5558ca098191e07b6a1d40bf7"},
    {file = "bitarray-3.0.0-cp38-cp38-manylinux_2_5_i686.manylinux1_i686.manylinux_2_17_i686.manylinux2014_i686.whl", hash = "sha256:ce249ed981f428a8b61538ca82d3875847733d579dd40084ab8246549160f8a4"},
    {file = "bitarray-3.0.0-cp38-cp38-musllinux_1_2_aarch64.whl", hash = "sha256:ea40e98d751ed4b255db4a88fe8fb743374183f78470b9e9305aab186bf28ede"},
    {file = "bitarray-3.0.0-cp38-cp38-musllinux_1_2_i686.whl", hash = "sha256:928b8b6dfcd015e1a81334cfdac02815da2a2407854492a80cf8a3a922b04052"},
    {file = "bitarray-3.0.0-cp38-cp38-musllinux_1_2_ppc64le.whl", hash = "sha256:fbb645477595ce2a0fbb678d1cfd08d3b896e5d56196d40fb9e114eeab9382b3"},
    {file = "bitarray-3.0.0-cp38-cp38-musllinux_1_2_s390x.whl", hash = "sha256:dc1937a0ff2671797d35243db4b596329842480d125a65e9fe964bcffaf16dfc"},
    {file = "bitarray-3.0.0-cp38-cp38-musllinux_1_2_x86_64.whl", hash = "sha256:a4f49ac31734fe654a68e2515c0da7f5bbdf2d52755ba09a42ac406f1f08c9d0"},
    {file = "bitarray-3.0.0-cp38-cp38-win32.whl", hash = "sha256:6d2a2ce73f9897268f58857ad6893a1a6680c5a6b28f79d21c7d33285a5ae646"},
    {file = "bitarray-3.0.0-cp38-cp38-win_amd64.whl", hash = "sha256:b1047999f1797c3ea7b7c85261649249c243308dcf3632840d076d18fa72f142"},
    {file = "bitarray-3.0.0-cp39-cp39-macosx_10_9_universal2.whl", hash = "sha256:39b38a3d45dac39d528c87b700b81dfd5e8dc8e9e1a102503336310ef837c3fd"},
    {file = "bitarray-3.0.0-cp39-cp39-macosx_10_9_x86_64.whl", hash = "sha256:0e104f9399144fab6a892d379ba1bb4275e56272eb465059beef52a77b4e5ce6"},
    {file = "bitarray-3.0.0-cp39-cp39-macosx_11_0_arm64.whl", hash = "sha256:0879f839ec8f079fa60c3255966c2e1aa7196699a234d4e5b7898fbc321901b5"},
    {file = "bitarray-3.0.0-cp39-cp39-manylinux_2_17_aarch64.manylinux2014_aarch64.whl", hash = "sha256:9502c2230d59a4ace2fddfd770dad8e8b414cbd99517e7e56c55c20997c28b8d"},
    {file = "bitarray-3.0.0-cp39-cp39-manylinux_2_17_ppc64le.manylinux2014_ppc64le.whl", hash = "sha256:57d5ef854f8ec434f2ffd9ddcefc25a10848393fe2976e2be2c8c773cf5fef42"},
    {file = "bitarray-3.0.0-cp39-cp39-manylinux_2_17_s390x.manylinux2014_s390x.whl", hash = "sha256:a3c36b2fcfebe15ad1c10a90c1d52a42bebe960adcbce340fef867203028fbe7"},
    {file = "bitarray-3.0.0-cp39-cp39-manylinux_2_17_x86_64.manylinux2014_x86_64.whl", hash = "sha256:66a33a537e781eac3a352397ce6b07eedf3a8380ef4a804f8844f3f45e335544"},
    {file = "bitarray-3.0.0-cp39-cp39-manylinux_2_5_i686.manylinux1_i686.manylinux_2_17_i686.manylinux2014_i686.whl", hash = "sha256:aa54c7e1da8cf4be0aab941ea284ec64033ede5d6de3fd47d75e77cafe986e9d"},
    {file = "bitarray-3.0.0-cp39-cp39-musllinux_1_2_aarch64.whl", hash = "sha256:a667ea05ba1ea81b722682276dbef1d36990f8908cf51e570099fd505a89f931"},
    {file = "bitarray-3.0.0-cp39-cp39-musllinux_1_2_i686.whl", hash = "sha256:d756bfeb62ca4fe65d2af7a39249d442c05070c047d03729ad6cd4c2e9b0f0bd"},
    {file = "bitarray-3.0.0-cp39-cp39-musllinux_1_2_ppc64le.whl", hash = "sha256:c9e9fef0754867d88e948ce8351c9fd7e507d8514e0f242fd67c907b9cdf98b3"},
    {file = "bitarray-3.0.0-cp39-cp39-musllinux_1_2_s390x.whl", hash = "sha256:67a0b56dd02f2713f6f52cacb3f251afd67c94c5f0748026d307d87a81a8e15c"},
    {file = "bitarray-3.0.0-cp39-cp39-musllinux_1_2_x86_64.whl", hash = "sha256:d8c36ddc1923bcc4c11b9994c54eaae25034812a42400b7b8a86fe6d242166a2"},
    {file = "bitarray-3.0.0-cp39-cp39-win32.whl", hash = "sha256:1414a7102a3c4986f241480544f5c99f5d32258fb9b85c9c04e84e48c490ab35"},
    {file = "bitarray-3.0.0-cp39-cp39-win_amd64.whl", hash = "sha256:8c9733d2ff9b7838ac04bf1048baea153174753e6a47312be14c83c6a395424b"},
    {file = "bitarray-3.0.0-pp310-pypy310_pp73-macosx_10_15_x86_64.whl", hash = "sha256:fef4e3b3f2084b4dae3e5316b44cda72587dcc81f68b4eb2dbda1b8d15261b61"},
    {file = "bitarray-3.0.0-pp310-pypy310_pp73-manylinux_2_17_aarch64.manylinux2014_aarch64.whl", hash = "sha256:7e9eee03f187cef1e54a4545124109ee0afc84398628b4b32ebb4852b4a66393"},
    {file = "bitarray-3.0.0-pp310-pypy310_pp73-manylinux_2_17_x86_64.manylinux2014_x86_64.whl", hash = "sha256:4cb5702dd667f4bb10fed056ffdc4ddaae8193a52cd74cb2cdb54e71f4ef2dd1"},
    {file = "bitarray-3.0.0-pp310-pypy310_pp73-manylinux_2_5_i686.manylinux1_i686.manylinux_2_17_i686.manylinux2014_i686.whl", hash = "sha256:666e44b0458bb2894b64264a29f2cc7b5b2cbcc4c5e9cedfe1fdbde37a8e329a"},
    {file = "bitarray-3.0.0-pp310-pypy310_pp73-win_amd64.whl", hash = "sha256:c756a92cf1c1abf01e56a4cc40cb89f0ff9147f2a0be5b557ec436a23ff464d8"},
    {file = "bitarray-3.0.0-pp37-pypy37_pp73-macosx_10_9_x86_64.whl", hash = "sha256:7e51e7f8289bf6bb631e1ef2a8f5e9ca287985ff518fe666abbdfdb6a848cb26"},
    {file = "bitarray-3.0.0-pp37-pypy37_pp73-manylinux_2_17_aarch64.manylinux2014_aarch64.whl", hash = "sha256:3fa5d8e4b28388b337face6ce4029be73585651a44866901513df44be9a491ab"},
    {file = "bitarray-3.0.0-pp37-pypy37_pp73-manylinux_2_17_x86_64.manylinux2014_x86_64.whl", hash = "sha256:3963b80a68aedcd722a9978d261ae53cb9bb6a8129cc29790f0f10ce5aca287a"},
    {file = "bitarray-3.0.0-pp37-pypy37_pp73-manylinux_2_5_i686.manylinux1_i686.manylinux_2_17_i686.manylinux2014_i686.whl", hash = "sha256:0b555006a7dea53f6bebc616a4d0249cecbf8f1fadf77860120a2e5dbdc2f167"},
    {file = "bitarray-3.0.0-pp37-pypy37_pp73-win_amd64.whl", hash = "sha256:4ac2027ca650a7302864ed2528220d6cc6921501b383e9917afc7a2424a1e36d"},
    {file = "bitarray-3.0.0-pp38-pypy38_pp73-macosx_10_9_x86_64.whl", hash = "sha256:bf90aba4cff9e72e24ecdefe33bad608f147a23fa5c97790a5bab0e72fe62b6d"},
    {file = "bitarray-3.0.0-pp38-pypy38_pp73-manylinux_2_17_aarch64.manylinux2014_aarch64.whl", hash = "sha256:d1a199e6d7c3bad5ba9d0e4dc00dde70ee7d111c9dfc521247fa646ef59fa57e"},
    {file = "bitarray-3.0.0-pp38-pypy38_pp73-manylinux_2_17_x86_64.manylinux2014_x86_64.whl", hash = "sha256:43b6c7c4f4a7b80e86e24a76f4c6b9b67d03229ea16d7d403520616535c32196"},
    {file = "bitarray-3.0.0-pp38-pypy38_pp73-manylinux_2_5_i686.manylinux1_i686.manylinux_2_17_i686.manylinux2014_i686.whl", hash = "sha256:34fc13da3518f14825b239374734fce93c1a9299ed7b558c3ec1d659ec7e4c70"},
    {file = "bitarray-3.0.0-pp38-pypy38_pp73-win_amd64.whl", hash = "sha256:369b6d457af94af901d632c7e625ca6caf0a7484110fc91c6290ce26bc4f1478"},
    {file = "bitarray-3.0.0-pp39-pypy39_pp73-macosx_10_15_x86_64.whl", hash = "sha256:ee040ad3b7dfa05e459713099f16373c1f2a6f68b43cb0575a66718e7a5daef4"},
    {file = "bitarray-3.0.0-pp39-pypy39_pp73-manylinux_2_17_aarch64.manylinux2014_aarch64.whl", hash = "sha256:2dad7ba2af80f9ec1dd988c3aca7992408ec0d0b4c215b65d353d95ab0070b10"},
    {file = "bitarray-3.0.0-pp39-pypy39_pp73-manylinux_2_17_x86_64.manylinux2014_x86_64.whl", hash = "sha256:4839d3b64af51e4b8bb4a602563b98b9faeb34fd6c00ed23d7834e40a9d080fc"},
    {file = "bitarray-3.0.0-pp39-pypy39_pp73-manylinux_2_5_i686.manylinux1_i686.manylinux_2_17_i686.manylinux2014_i686.whl", hash = "sha256:f71f24b58e75a889b9915e3197865302467f13e7390efdea5b6afc7424b3a2ea"},
    {file = "bitarray-3.0.0-pp39-pypy39_pp73-win_amd64.whl", hash = "sha256:bcf0150ae0bcc4aa97bdfcb231b37bad1a59083c1b5012643b266012bf420e68"},
    {file = "bitarray-3.0.0.tar.gz", hash = "sha256:a2083dc20f0d828a7cdf7a16b20dae56aab0f43dc4f347a3b3039f6577992b03"},
]

[[package]]
name = "black"
version = "25.1.0"
description = "The uncompromising code formatter."
optional = false
python-versions = ">=3.9"
groups = ["main"]
files = [
    {file = "black-25.1.0-cp310-cp310-macosx_10_9_x86_64.whl", hash = "sha256:759e7ec1e050a15f89b770cefbf91ebee8917aac5c20483bc2d80a6c3a04df32"},
    {file = "black-25.1.0-cp310-cp310-macosx_11_0_arm64.whl", hash = "sha256:0e519ecf93120f34243e6b0054db49c00a35f84f195d5bce7e9f5cfc578fc2da"},
    {file = "black-25.1.0-cp310-cp310-manylinux_2_17_x86_64.manylinux2014_x86_64.manylinux_2_28_x86_64.whl", hash = "sha256:055e59b198df7ac0b7efca5ad7ff2516bca343276c466be72eb04a3bcc1f82d7"},
    {file = "black-25.1.0-cp310-cp310-win_amd64.whl", hash = "sha256:db8ea9917d6f8fc62abd90d944920d95e73c83a5ee3383493e35d271aca872e9"},
    {file = "black-25.1.0-cp311-cp311-macosx_10_9_x86_64.whl", hash = "sha256:a39337598244de4bae26475f77dda852ea00a93bd4c728e09eacd827ec929df0"},
    {file = "black-25.1.0-cp311-cp311-macosx_11_0_arm64.whl", hash = "sha256:96c1c7cd856bba8e20094e36e0f948718dc688dba4a9d78c3adde52b9e6c2299"},
    {file = "black-25.1.0-cp311-cp311-manylinux_2_17_x86_64.manylinux2014_x86_64.manylinux_2_28_x86_64.whl", hash = "sha256:bce2e264d59c91e52d8000d507eb20a9aca4a778731a08cfff7e5ac4a4bb7096"},
    {file = "black-25.1.0-cp311-cp311-win_amd64.whl", hash = "sha256:172b1dbff09f86ce6f4eb8edf9dede08b1fce58ba194c87d7a4f1a5aa2f5b3c2"},
    {file = "black-25.1.0-cp312-cp312-macosx_10_13_x86_64.whl", hash = "sha256:4b60580e829091e6f9238c848ea6750efed72140b91b048770b64e74fe04908b"},
    {file = "black-25.1.0-cp312-cp312-macosx_11_0_arm64.whl", hash = "sha256:1e2978f6df243b155ef5fa7e558a43037c3079093ed5d10fd84c43900f2d8ecc"},
    {file = "black-25.1.0-cp312-cp312-manylinux_2_17_x86_64.manylinux2014_x86_64.manylinux_2_28_x86_64.whl", hash = "sha256:3b48735872ec535027d979e8dcb20bf4f70b5ac75a8ea99f127c106a7d7aba9f"},
    {file = "black-25.1.0-cp312-cp312-win_amd64.whl", hash = "sha256:ea0213189960bda9cf99be5b8c8ce66bb054af5e9e861249cd23471bd7b0b3ba"},
    {file = "black-25.1.0-cp313-cp313-macosx_10_13_x86_64.whl", hash = "sha256:8f0b18a02996a836cc9c9c78e5babec10930862827b1b724ddfe98ccf2f2fe4f"},
    {file = "black-25.1.0-cp313-cp313-macosx_11_0_arm64.whl", hash = "sha256:afebb7098bfbc70037a053b91ae8437c3857482d3a690fefc03e9ff7aa9a5fd3"},
    {file = "black-25.1.0-cp313-cp313-manylinux_2_17_x86_64.manylinux2014_x86_64.manylinux_2_28_x86_64.whl", hash = "sha256:030b9759066a4ee5e5aca28c3c77f9c64789cdd4de8ac1df642c40b708be6171"},
    {file = "black-25.1.0-cp313-cp313-win_amd64.whl", hash = "sha256:a22f402b410566e2d1c950708c77ebf5ebd5d0d88a6a2e87c86d9fb48afa0d18"},
    {file = "black-25.1.0-cp39-cp39-macosx_10_9_x86_64.whl", hash = "sha256:a1ee0a0c330f7b5130ce0caed9936a904793576ef4d2b98c40835d6a65afa6a0"},
    {file = "black-25.1.0-cp39-cp39-macosx_11_0_arm64.whl", hash = "sha256:f3df5f1bf91d36002b0a75389ca8663510cf0531cca8aa5c1ef695b46d98655f"},
    {file = "black-25.1.0-cp39-cp39-manylinux_2_17_x86_64.manylinux2014_x86_64.manylinux_2_28_x86_64.whl", hash = "sha256:d9e6827d563a2c820772b32ce8a42828dc6790f095f441beef18f96aa6f8294e"},
    {file = "black-25.1.0-cp39-cp39-win_amd64.whl", hash = "sha256:bacabb307dca5ebaf9c118d2d2f6903da0d62c9faa82bd21a33eecc319559355"},
    {file = "black-25.1.0-py3-none-any.whl", hash = "sha256:95e8176dae143ba9097f351d174fdaf0ccd29efb414b362ae3fd72bf0f710717"},
    {file = "black-25.1.0.tar.gz", hash = "sha256:33496d5cd1222ad73391352b4ae8da15253c5de89b93a80b3e2c8d9a19ec2666"},
]

[package.dependencies]
click = ">=8.0.0"
mypy-extensions = ">=0.4.3"
packaging = ">=22.0"
pathspec = ">=0.9.0"
platformdirs = ">=2"

[package.extras]
colorama = ["colorama (>=0.4.3)"]
d = ["aiohttp (>=3.10)"]
jupyter = ["ipython (>=7.8.0)", "tokenize-rt (>=3.2.0)"]
uvloop = ["uvloop (>=0.15.2)"]

[[package]]
name = "click"
version = "8.1.8"
description = "Composable command line interface toolkit"
optional = false
python-versions = ">=3.7"
groups = ["main"]
files = [
    {file = "click-8.1.8-py3-none-any.whl", hash = "sha256:63c132bbbed01578a06712a2d1f497bb62d9c1c0d329b7903a866228027263b2"},
    {file = "click-8.1.8.tar.gz", hash = "sha256:ed53c9d8990d83c2a27deae68e4ee337473f6330c040a31d4225c9574d16096a"},
]

[package.dependencies]
colorama = {version = "*", markers = "platform_system == \"Windows\""}

[[package]]
name = "colorama"
version = "0.4.6"
description = "Cross-platform colored terminal text."
optional = false
python-versions = "!=3.0.*,!=3.1.*,!=3.2.*,!=3.3.*,!=3.4.*,!=3.5.*,!=3.6.*,>=2.7"
groups = ["main", "dev"]
files = [
    {file = "colorama-0.4.6-py2.py3-none-any.whl", hash = "sha256:4f1d9991f5acc0ca119f9d443620b77f9d6b33703e51011c16baf57afb285fc6"},
    {file = "colorama-0.4.6.tar.gz", hash = "sha256:08695f5cb7ed6e0531a20572697297273c47b8cae5a63ffc6d6ed5c201be6e44"},
]
markers = {main = "sys_platform == \"win32\" or platform_system == \"Windows\"", dev = "sys_platform == \"win32\""}

[[package]]
name = "coverage"
version = "7.6.12"
description = "Code coverage measurement for Python"
optional = false
python-versions = ">=3.9"
groups = ["main"]
files = [
    {file = "coverage-7.6.12-cp310-cp310-macosx_10_9_x86_64.whl", hash = "sha256:704c8c8c6ce6569286ae9622e534b4f5b9759b6f2cd643f1c1a61f666d534fe8"},
    {file = "coverage-7.6.12-cp310-cp310-macosx_11_0_arm64.whl", hash = "sha256:ad7525bf0241e5502168ae9c643a2f6c219fa0a283001cee4cf23a9b7da75879"},
    {file = "coverage-7.6.12-cp310-cp310-manylinux_2_17_aarch64.manylinux2014_aarch64.whl", hash = "sha256:06097c7abfa611c91edb9e6920264e5be1d6ceb374efb4986f38b09eed4cb2fe"},
    {file = "coverage-7.6.12-cp310-cp310-manylinux_2_5_i686.manylinux1_i686.manylinux_2_17_i686.manylinux2014_i686.whl", hash = "sha256:220fa6c0ad7d9caef57f2c8771918324563ef0d8272c94974717c3909664e674"},
    {file = "coverage-7.6.12-cp310-cp310-manylinux_2_5_x86_64.manylinux1_x86_64.manylinux_2_17_x86_64.manylinux2014_x86_64.whl", hash = "sha256:3688b99604a24492bcfe1c106278c45586eb819bf66a654d8a9a1433022fb2eb"},
    {file = "coverage-7.6.12-cp310-cp310-musllinux_1_2_aarch64.whl", hash = "sha256:d1a987778b9c71da2fc8948e6f2656da6ef68f59298b7e9786849634c35d2c3c"},
    {file = "coverage-7.6.12-cp310-cp310-musllinux_1_2_i686.whl", hash = "sha256:cec6b9ce3bd2b7853d4a4563801292bfee40b030c05a3d29555fd2a8ee9bd68c"},
    {file = "coverage-7.6.12-cp310-cp310-musllinux_1_2_x86_64.whl", hash = "sha256:ace9048de91293e467b44bce0f0381345078389814ff6e18dbac8fdbf896360e"},
    {file = "coverage-7.6.12-cp310-cp310-win32.whl", hash = "sha256:ea31689f05043d520113e0552f039603c4dd71fa4c287b64cb3606140c66f425"},
    {file = "coverage-7.6.12-cp310-cp310-win_amd64.whl", hash = "sha256:676f92141e3c5492d2a1596d52287d0d963df21bf5e55c8b03075a60e1ddf8aa"},
    {file = "coverage-7.6.12-cp311-cp311-macosx_10_9_x86_64.whl", hash = "sha256:e18aafdfb3e9ec0d261c942d35bd7c28d031c5855dadb491d2723ba54f4c3015"},
    {file = "coverage-7.6.12-cp311-cp311-macosx_11_0_arm64.whl", hash = "sha256:66fe626fd7aa5982cdebad23e49e78ef7dbb3e3c2a5960a2b53632f1f703ea45"},
    {file = "coverage-7.6.12-cp311-cp311-manylinux_2_17_aarch64.manylinux2014_aarch64.whl", hash = "sha256:0ef01d70198431719af0b1f5dcbefc557d44a190e749004042927b2a3fed0702"},
    {file = "coverage-7.6.12-cp311-cp311-manylinux_2_5_i686.manylinux1_i686.manylinux_2_17_i686.manylinux2014_i686.whl", hash = "sha256:07e92ae5a289a4bc4c0aae710c0948d3c7892e20fd3588224ebe242039573bf0"},
    {file = "coverage-7.6.12-cp311-cp311-manylinux_2_5_x86_64.manylinux1_x86_64.manylinux_2_17_x86_64.manylinux2014_x86_64.whl", hash = "sha256:e695df2c58ce526eeab11a2e915448d3eb76f75dffe338ea613c1201b33bab2f"},
    {file = "coverage-7.6.12-cp311-cp311-musllinux_1_2_aarch64.whl", hash = "sha256:d74c08e9aaef995f8c4ef6d202dbd219c318450fe2a76da624f2ebb9c8ec5d9f"},
    {file = "coverage-7.6.12-cp311-cp311-musllinux_1_2_i686.whl", hash = "sha256:e995b3b76ccedc27fe4f477b349b7d64597e53a43fc2961db9d3fbace085d69d"},
    {file = "coverage-7.6.12-cp311-cp311-musllinux_1_2_x86_64.whl", hash = "sha256:b1f097878d74fe51e1ddd1be62d8e3682748875b461232cf4b52ddc6e6db0bba"},
    {file = "coverage-7.6.12-cp311-cp311-win32.whl", hash = "sha256:1f7ffa05da41754e20512202c866d0ebfc440bba3b0ed15133070e20bf5aeb5f"},
    {file = "coverage-7.6.12-cp311-cp311-win_amd64.whl", hash = "sha256:e216c5c45f89ef8971373fd1c5d8d1164b81f7f5f06bbf23c37e7908d19e8558"},
    {file = "coverage-7.6.12-cp312-cp312-macosx_10_13_x86_64.whl", hash = "sha256:b172f8e030e8ef247b3104902cc671e20df80163b60a203653150d2fc204d1ad"},
    {file = "coverage-7.6.12-cp312-cp312-macosx_11_0_arm64.whl", hash = "sha256:641dfe0ab73deb7069fb972d4d9725bf11c239c309ce694dd50b1473c0f641c3"},
    {file = "coverage-7.6.12-cp312-cp312-manylinux_2_17_aarch64.manylinux2014_aarch64.whl", hash = "sha256:0e549f54ac5f301e8e04c569dfdb907f7be71b06b88b5063ce9d6953d2d58574"},
    {file = "coverage-7.6.12-cp312-cp312-manylinux_2_5_i686.manylinux1_i686.manylinux_2_17_i686.manylinux2014_i686.whl", hash = "sha256:959244a17184515f8c52dcb65fb662808767c0bd233c1d8a166e7cf74c9ea985"},
    {file = "coverage-7.6.12-cp312-cp312-manylinux_2_5_x86_64.manylinux1_x86_64.manylinux_2_17_x86_64.manylinux2014_x86_64.whl", hash = "sha256:bda1c5f347550c359f841d6614fb8ca42ae5cb0b74d39f8a1e204815ebe25750"},
    {file = "coverage-7.6.12-cp312-cp312-musllinux_1_2_aarch64.whl", hash = "sha256:1ceeb90c3eda1f2d8c4c578c14167dbd8c674ecd7d38e45647543f19839dd6ea"},
    {file = "coverage-7.6.12-cp312-cp312-musllinux_1_2_i686.whl", hash = "sha256:0f16f44025c06792e0fb09571ae454bcc7a3ec75eeb3c36b025eccf501b1a4c3"},
    {file = "coverage-7.6.12-cp312-cp312-musllinux_1_2_x86_64.whl", hash = "sha256:b076e625396e787448d27a411aefff867db2bffac8ed04e8f7056b07024eed5a"},
    {file = "coverage-7.6.12-cp312-cp312-win32.whl", hash = "sha256:00b2086892cf06c7c2d74983c9595dc511acca00665480b3ddff749ec4fb2a95"},
    {file = "coverage-7.6.12-cp312-cp312-win_amd64.whl", hash = "sha256:7ae6eabf519bc7871ce117fb18bf14e0e343eeb96c377667e3e5dd12095e0288"},
    {file = "coverage-7.6.12-cp313-cp313-macosx_10_13_x86_64.whl", hash = "sha256:488c27b3db0ebee97a830e6b5a3ea930c4a6e2c07f27a5e67e1b3532e76b9ef1"},
    {file = "coverage-7.6.12-cp313-cp313-macosx_11_0_arm64.whl", hash = "sha256:5d1095bbee1851269f79fd8e0c9b5544e4c00c0c24965e66d8cba2eb5bb535fd"},
    {file = "coverage-7.6.12-cp313-cp313-manylinux_2_17_aarch64.manylinux2014_aarch64.whl", hash = "sha256:0533adc29adf6a69c1baa88c3d7dbcaadcffa21afbed3ca7a225a440e4744bf9"},
    {file = "coverage-7.6.12-cp313-cp313-manylinux_2_5_i686.manylinux1_i686.manylinux_2_17_i686.manylinux2014_i686.whl", hash = "sha256:53c56358d470fa507a2b6e67a68fd002364d23c83741dbc4c2e0680d80ca227e"},
    {file = "coverage-7.6.12-cp313-cp313-manylinux_2_5_x86_64.manylinux1_x86_64.manylinux_2_17_x86_64.manylinux2014_x86_64.whl", hash = "sha256:64cbb1a3027c79ca6310bf101014614f6e6e18c226474606cf725238cf5bc2d4"},
    {file = "coverage-7.6.12-cp313-cp313-musllinux_1_2_aarch64.whl", hash = "sha256:79cac3390bfa9836bb795be377395f28410811c9066bc4eefd8015258a7578c6"},
    {file = "coverage-7.6.12-cp313-cp313-musllinux_1_2_i686.whl", hash = "sha256:9b148068e881faa26d878ff63e79650e208e95cf1c22bd3f77c3ca7b1d9821a3"},
    {file = "coverage-7.6.12-cp313-cp313-musllinux_1_2_x86_64.whl", hash = "sha256:8bec2ac5da793c2685ce5319ca9bcf4eee683b8a1679051f8e6ec04c4f2fd7dc"},
    {file = "coverage-7.6.12-cp313-cp313-win32.whl", hash = "sha256:200e10beb6ddd7c3ded322a4186313d5ca9e63e33d8fab4faa67ef46d3460af3"},
    {file = "coverage-7.6.12-cp313-cp313-win_amd64.whl", hash = "sha256:2b996819ced9f7dbb812c701485d58f261bef08f9b85304d41219b1496b591ef"},
    {file = "coverage-7.6.12-cp313-cp313t-macosx_10_13_x86_64.whl", hash = "sha256:299cf973a7abff87a30609879c10df0b3bfc33d021e1adabc29138a48888841e"},
    {file = "coverage-7.6.12-cp313-cp313t-macosx_11_0_arm64.whl", hash = "sha256:4b467a8c56974bf06e543e69ad803c6865249d7a5ccf6980457ed2bc50312703"},
    {file = "coverage-7.6.12-cp313-cp313t-manylinux_2_17_aarch64.manylinux2014_aarch64.whl", hash = "sha256:2458f275944db8129f95d91aee32c828a408481ecde3b30af31d552c2ce284a0"},
    {file = "coverage-7.6.12-cp313-cp313t-manylinux_2_5_i686.manylinux1_i686.manylinux_2_17_i686.manylinux2014_i686.whl", hash = "sha256:0a9d8be07fb0832636a0f72b80d2a652fe665e80e720301fb22b191c3434d924"},
    {file = "coverage-7.6.12-cp313-cp313t-manylinux_2_5_x86_64.manylinux1_x86_64.manylinux_2_17_x86_64.manylinux2014_x86_64.whl", hash = "sha256:14d47376a4f445e9743f6c83291e60adb1b127607a3618e3185bbc8091f0467b"},
    {file = "coverage-7.6.12-cp313-cp313t-musllinux_1_2_aarch64.whl", hash = "sha256:b95574d06aa9d2bd6e5cc35a5bbe35696342c96760b69dc4287dbd5abd4ad51d"},
    {file = "coverage-7.6.12-cp313-cp313t-musllinux_1_2_i686.whl", hash = "sha256:ecea0c38c9079570163d663c0433a9af4094a60aafdca491c6a3d248c7432827"},
    {file = "coverage-7.6.12-cp313-cp313t-musllinux_1_2_x86_64.whl", hash = "sha256:2251fabcfee0a55a8578a9d29cecfee5f2de02f11530e7d5c5a05859aa85aee9"},
    {file = "coverage-7.6.12-cp313-cp313t-win32.whl", hash = "sha256:eb5507795caabd9b2ae3f1adc95f67b1104971c22c624bb354232d65c4fc90b3"},
    {file = "coverage-7.6.12-cp313-cp313t-win_amd64.whl", hash = "sha256:f60a297c3987c6c02ffb29effc70eadcbb412fe76947d394a1091a3615948e2f"},
    {file = "coverage-7.6.12-cp39-cp39-macosx_10_9_x86_64.whl", hash = "sha256:e7575ab65ca8399c8c4f9a7d61bbd2d204c8b8e447aab9d355682205c9dd948d"},
    {file = "coverage-7.6.12-cp39-cp39-macosx_11_0_arm64.whl", hash = "sha256:8161d9fbc7e9fe2326de89cd0abb9f3599bccc1287db0aba285cb68d204ce929"},
    {file = "coverage-7.6.12-cp39-cp39-manylinux_2_17_aarch64.manylinux2014_aarch64.whl", hash = "sha256:3a1e465f398c713f1b212400b4e79a09829cd42aebd360362cd89c5bdc44eb87"},
    {file = "coverage-7.6.12-cp39-cp39-manylinux_2_5_i686.manylinux1_i686.manylinux_2_17_i686.manylinux2014_i686.whl", hash = "sha256:f25d8b92a4e31ff1bd873654ec367ae811b3a943583e05432ea29264782dc32c"},
    {file = "coverage-7.6.12-cp39-cp39-manylinux_2_5_x86_64.manylinux1_x86_64.manylinux_2_17_x86_64.manylinux2014_x86_64.whl", hash = "sha256:1a936309a65cc5ca80fa9f20a442ff9e2d06927ec9a4f54bcba9c14c066323f2"},
    {file = "coverage-7.6.12-cp39-cp39-musllinux_1_2_aarch64.whl", hash = "sha256:aa6f302a3a0b5f240ee201297fff0bbfe2fa0d415a94aeb257d8b461032389bd"},
    {file = "coverage-7.6.12-cp39-cp39-musllinux_1_2_i686.whl", hash = "sha256:f973643ef532d4f9be71dd88cf7588936685fdb576d93a79fe9f65bc337d9d73"},
    {file = "coverage-7.6.12-cp39-cp39-musllinux_1_2_x86_64.whl", hash = "sha256:78f5243bb6b1060aed6213d5107744c19f9571ec76d54c99cc15938eb69e0e86"},
    {file = "coverage-7.6.12-cp39-cp39-win32.whl", hash = "sha256:69e62c5034291c845fc4df7f8155e8544178b6c774f97a99e2734b05eb5bed31"},
    {file = "coverage-7.6.12-cp39-cp39-win_amd64.whl", hash = "sha256:b01a840ecc25dce235ae4c1b6a0daefb2a203dba0e6e980637ee9c2f6ee0df57"},
    {file = "coverage-7.6.12-pp39.pp310-none-any.whl", hash = "sha256:7e39e845c4d764208e7b8f6a21c541ade741e2c41afabdfa1caa28687a3c98cf"},
    {file = "coverage-7.6.12-py3-none-any.whl", hash = "sha256:eb8668cfbc279a536c633137deeb9435d2962caec279c3f8cf8b91fff6ff8953"},
    {file = "coverage-7.6.12.tar.gz", hash = "sha256:48cfc4641d95d34766ad41d9573cc0f22a48aa88d22657a1fe01dca0dbae4de2"},
]

[package.extras]
toml = ["tomli"]

[[package]]
name = "dill"
version = "0.3.9"
description = "serialize all of Python"
optional = false
python-versions = ">=3.8"
groups = ["dev"]
files = [
    {file = "dill-0.3.9-py3-none-any.whl", hash = "sha256:468dff3b89520b474c0397703366b7b95eebe6303f108adf9b19da1f702be87a"},
    {file = "dill-0.3.9.tar.gz", hash = "sha256:81aa267dddf68cbfe8029c42ca9ec6a4ab3b22371d1c450abc54422577b4512c"},
]

[package.extras]
graph = ["objgraph (>=1.7.2)"]
profile = ["gprof2dot (>=2022.7.29)"]

[[package]]
name = "iniconfig"
version = "2.0.0"
description = "brain-dead simple config-ini parsing"
optional = false
python-versions = ">=3.7"
groups = ["main"]
files = [
    {file = "iniconfig-2.0.0-py3-none-any.whl", hash = "sha256:b6a85871a79d2e3b22d2d1b94ac2824226a63c6b741c88f7ae975f18b6778374"},
    {file = "iniconfig-2.0.0.tar.gz", hash = "sha256:2d91e135bf72d31a410b17c16da610a82cb55f6b0477d1a902134b24a455b8b3"},
]

[[package]]
name = "isort"
version = "6.0.0"
description = "A Python utility / library to sort Python imports."
optional = false
python-versions = ">=3.9.0"
groups = ["dev"]
files = [
    {file = "isort-6.0.0-py3-none-any.whl", hash = "sha256:567954102bb47bb12e0fae62606570faacddd441e45683968c8d1734fb1af892"},
    {file = "isort-6.0.0.tar.gz", hash = "sha256:75d9d8a1438a9432a7d7b54f2d3b45cad9a4a0fdba43617d9873379704a8bdf1"},
]

[package.extras]
colors = ["colorama"]
plugins = ["setuptools"]

[[package]]
name = "mccabe"
version = "0.7.0"
description = "McCabe checker, plugin for flake8"
optional = false
python-versions = ">=3.6"
groups = ["dev"]
files = [
    {file = "mccabe-0.7.0-py2.py3-none-any.whl", hash = "sha256:6c2d30ab6be0e4a46919781807b4f0d834ebdd6c6e3dca0bda5a15f863427b6e"},
    {file = "mccabe-0.7.0.tar.gz", hash = "sha256:348e0240c33b60bbdf4e523192ef919f28cb2c3d7d5c7794f74009290f236325"},
]

[[package]]
name = "mypy-extensions"
version = "1.0.0"
description = "Type system extensions for programs checked with the mypy type checker."
optional = false
python-versions = ">=3.5"
groups = ["main"]
files = [
    {file = "mypy_extensions-1.0.0-py3-none-any.whl", hash = "sha256:4392f6c0eb8a5668a69e23d168ffa70f0be9ccfd32b5cc2d26a34ae5b844552d"},
    {file = "mypy_extensions-1.0.0.tar.gz", hash = "sha256:75dbf8955dc00442a438fc4d0666508a9a97b6bd41aa2f0ffe9d2f2725af0782"},
]

[[package]]
name = "packaging"
version = "24.2"
description = "Core utilities for Python packages"
optional = false
python-versions = ">=3.8"
groups = ["main"]
files = [
    {file = "packaging-24.2-py3-none-any.whl", hash = "sha256:09abb1bccd265c01f4a3aa3f7a7db064b36514d2cba19a2f694fe6150451a759"},
    {file = "packaging-24.2.tar.gz", hash = "sha256:c228a6dc5e932d346bc5739379109d49e8853dd8223571c7c5b55260edc0b97f"},
]

[[package]]
name = "pathspec"
version = "0.12.1"
description = "Utility library for gitignore style pattern matching of file paths."
optional = false
python-versions = ">=3.8"
groups = ["main"]
files = [
    {file = "pathspec-0.12.1-py3-none-any.whl", hash = "sha256:a0d503e138a4c123b27490a4f7beda6a01c6f288df0e4a8b79c7eb0dc7b4cc08"},
    {file = "pathspec-0.12.1.tar.gz", hash = "sha256:a482d51503a1ab33b1c67a6c3813a26953dbdc71c31dacaef9a838c4e29f5712"},
]

[[package]]
name = "platformdirs"
version = "4.3.6"
description = "A small Python package for determining appropriate platform-specific dirs, e.g. a `user data dir`."
optional = false
python-versions = ">=3.8"
groups = ["main", "dev"]
files = [
    {file = "platformdirs-4.3.6-py3-none-any.whl", hash = "sha256:73e575e1408ab8103900836b97580d5307456908a03e92031bab39e4554cc3fb"},
    {file = "platformdirs-4.3.6.tar.gz", hash = "sha256:357fb2acbc885b0419afd3ce3ed34564c13c9b95c89360cd9563f73aa5e2b907"},
]

[package.extras]
docs = ["furo (>=2024.8.6)", "proselint (>=0.14)", "sphinx (>=8.0.2)", "sphinx-autodoc-typehints (>=2.4)"]
test = ["appdirs (==1.4.4)", "covdefaults (>=2.3)", "pytest (>=8.3.2)", "pytest-cov (>=5)", "pytest-mock (>=3.14)"]
type = ["mypy (>=1.11.2)"]

[[package]]
name = "pluggy"
version = "1.5.0"
description = "plugin and hook calling mechanisms for python"
optional = false
python-versions = ">=3.8"
groups = ["main"]
files = [
    {file = "pluggy-1.5.0-py3-none-any.whl", hash = "sha256:44e1ad92c8ca002de6377e165f3e0f1be63266ab4d554740532335b9d75ea669"},
    {file = "pluggy-1.5.0.tar.gz", hash = "sha256:2cffa88e94fdc978c4c574f15f9e59b7f4201d439195c3715ca9e2486f1d0cf1"},
]

[package.extras]
dev = ["pre-commit", "tox"]
testing = ["pytest", "pytest-benchmark"]

[[package]]
name = "pylint"
version = "3.3.4"
description = "python code static checker"
optional = false
python-versions = ">=3.9.0"
groups = ["dev"]
files = [
    {file = "pylint-3.3.4-py3-none-any.whl", hash = "sha256:289e6a1eb27b453b08436478391a48cd53bb0efb824873f949e709350f3de018"},
    {file = "pylint-3.3.4.tar.gz", hash = "sha256:74ae7a38b177e69a9b525d0794bd8183820bfa7eb68cc1bee6e8ed22a42be4ce"},
]

[package.dependencies]
astroid = ">=3.3.8,<=3.4.0-dev0"
colorama = {version = ">=0.4.5", markers = "sys_platform == \"win32\""}
dill = {version = ">=0.3.7", markers = "python_version >= \"3.12\""}
isort = ">=4.2.5,<5.13.0 || >5.13.0,<7"
mccabe = ">=0.6,<0.8"
platformdirs = ">=2.2.0"
tomlkit = ">=0.10.1"

[package.extras]
spelling = ["pyenchant (>=3.2,<4.0)"]
testutils = ["gitpython (>3)"]

[[package]]
name = "pytest"
version = "8.3.4"
description = "pytest: simple powerful testing with Python"
optional = false
python-versions = ">=3.8"
groups = ["main"]
files = [
    {file = "pytest-8.3.4-py3-none-any.whl", hash = "sha256:50e16d954148559c9a74109af1eaf0c945ba2d8f30f0a3d3335edde19788b6f6"},
    {file = "pytest-8.3.4.tar.gz", hash = "sha256:965370d062bce11e73868e0335abac31b4d3de0e82f4007408d242b4f8610761"},
]

[package.dependencies]
colorama = {version = "*", markers = "sys_platform == \"win32\""}
iniconfig = "*"
packaging = "*"
pluggy = ">=1.5,<2"

[package.extras]
dev = ["argcomplete", "attrs (>=19.2)", "hypothesis (>=3.56)", "mock", "pygments (>=2.7.2)", "requests", "setuptools", "xmlschema"]

[[package]]
name = "tomlkit"
version = "0.13.2"
description = "Style preserving TOML library"
optional = false
python-versions = ">=3.8"
groups = ["dev"]
files = [
    {file = "tomlkit-0.13.2-py3-none-any.whl", hash = "sha256:7a974427f6e119197f670fbbbeae7bef749a6c14e793db934baefc1b5f03efde"},
    {file = "tomlkit-0.13.2.tar.gz", hash = "sha256:fff5fe59a87295b278abd31bec92c15d9bc4a06885ab12bcea52c71119392e79"},
]

[metadata]
lock-version = "2.1"
python-versions = "^3.13"
content-hash = "11c788f22ab135978cb200f6a6782a0723f87536be22d66f49962c7a62627cba"
